
Microsoft Visual Studio Solution File, Format Version 12.00
# Visual Studio Version 17
VisualStudioVersion = 17.2.32516.85
MinimumVisualStudioVersion = 10.0.40219.1
Project("{9A19103F-16F7-4668-BE54-9A1E7A4F7556}") = "Update_BDS_AND_LL", "Updata_BDS_AND_LL\Update_BDS_AND_LL.csproj", "{7EF9D5F4-4550-4F94-9C00-849346D6CB05}"
EndProject
Global
	GlobalSection(SolutionConfigurationPlatforms) = preSolution
		Debug|Any CPU = Debug|Any CPU
		Release|Any CPU = Release|Any CPU
	EndGlobalSection
	GlobalSection(ProjectConfigurationPlatforms) = postSolution
		{7EF9D5F4-4550-4F94-9C00-849346D6CB05}.Debug|Any CPU.ActiveCfg = Debug|Any CPU
		{7EF9D5F4-4550-4F94-9C00-849346D6CB05}.Debug|Any CPU.Build.0 = Debug|Any CPU
		{7EF9D5F4-4550-4F94-9C00-849346D6CB05}.Release|Any CPU.ActiveCfg = Release|Any CPU
		{7EF9D5F4-4550-4F94-9C00-849346D6CB05}.Release|Any CPU.Build.0 = Release|Any CPU
	EndGlobalSection
	GlobalSection(SolutionProperties) = preSolution
		HideSolutionNode = FALSE
	EndGlobalSection
	GlobalSection(ExtensibilityGlobals) = postSolution
		SolutionGuid = {11221B27-D3C5-48C0-9FA9-0D94185BF562}
	EndGlobalSection
EndGlobal
